
Microsoft Visual Studio Solution File, Format Version 12.00
# Visual Studio Version 17
VisualStudioVersion = 17.4.33213.308
MinimumVisualStudioVersion = 10.0.40219.1
Project("{FAE04EC0-301F-11D3-BF4B-00C04F79EFBC}") = "ChoredomUI", "ChoredomUI\ChoredomUI.csproj", "{803EBE4D-0462-4424-B45F-7299AFC27CFE}"
EndProject
Project("{00D1A9C2-B5F0-4AF3-8072-F6C62B433612}") = "ChoredomDB", "ChoredomDB\ChoredomDB.sqlproj", "{24F81D11-3886-4E6E-BAE1-B959D6A2927E}"
EndProject
Global
	GlobalSection(SolutionConfigurationPlatforms) = preSolution
		Debug|Any CPU = Debug|Any CPU
		Release|Any CPU = Release|Any CPU
	EndGlobalSection
	GlobalSection(ProjectConfigurationPlatforms) = postSolution
		{803EBE4D-0462-4424-B45F-7299AFC27CFE}.Debug|Any CPU.ActiveCfg = Debug|Any CPU
		{803EBE4D-0462-4424-B45F-7299AFC27CFE}.Debug|Any CPU.Build.0 = Debug|Any CPU
		{803EBE4D-0462-4424-B45F-7299AFC27CFE}.Release|Any CPU.ActiveCfg = Release|Any CPU
		{803EBE4D-0462-4424-B45F-7299AFC27CFE}.Release|Any CPU.Build.0 = Release|Any CPU
		{24F81D11-3886-4E6E-BAE1-B959D6A2927E}.Debug|Any CPU.ActiveCfg = Debug|Any CPU
		{24F81D11-3886-4E6E-BAE1-B959D6A2927E}.Debug|Any CPU.Build.0 = Debug|Any CPU
		{24F81D11-3886-4E6E-BAE1-B959D6A2927E}.Debug|Any CPU.Deploy.0 = Debug|Any CPU
		{24F81D11-3886-4E6E-BAE1-B959D6A2927E}.Release|Any CPU.ActiveCfg = Release|Any CPU
		{24F81D11-3886-4E6E-BAE1-B959D6A2927E}.Release|Any CPU.Build.0 = Release|Any CPU
		{24F81D11-3886-4E6E-BAE1-B959D6A2927E}.Release|Any CPU.Deploy.0 = Release|Any CPU
	EndGlobalSection
	GlobalSection(SolutionProperties) = preSolution
		HideSolutionNode = FALSE
	EndGlobalSection
	GlobalSection(ExtensibilityGlobals) = postSolution
		SolutionGuid = {6B291E8A-C957-45CE-B960-765B1E423E76}
	EndGlobalSection
EndGlobal
